
Microsoft Visual Studio Solution File, Format Version 12.00
# Visual Studio Version 17
VisualStudioVersion = 17.5.33414.496
MinimumVisualStudioVersion = 10.0.40219.1
Project("{FAE04EC0-301F-11D3-BF4B-00C04F79EFBC}") = "content-backend", "content-backend\content-backend.csproj", "{6CE2952E-E816-454A-B1C0-D0C279C78374}"
EndProject
Global
	GlobalSection(SolutionConfigurationPlatforms) = preSolution
		Debug|Any CPU = Debug|Any CPU
		Release|Any CPU = Release|Any CPU
	EndGlobalSection
	GlobalSection(ProjectConfigurationPlatforms) = postSolution
		{6CE2952E-E816-454A-B1C0-D0C279C78374}.Debug|Any CPU.ActiveCfg = Debug|Any CPU
		{6CE2952E-E816-454A-B1C0-D0C279C78374}.Debug|Any CPU.Build.0 = Debug|Any CPU
		{6CE2952E-E816-454A-B1C0-D0C279C78374}.Release|Any CPU.ActiveCfg = Release|Any CPU
		{6CE2952E-E816-454A-B1C0-D0C279C78374}.Release|Any CPU.Build.0 = Release|Any CPU
	EndGlobalSection
	GlobalSection(SolutionProperties) = preSolution
		HideSolutionNode = FALSE
	EndGlobalSection
	GlobalSection(ExtensibilityGlobals) = postSolution
		SolutionGuid = {8D3AC3AC-E1B3-436B-A14C-EF63FC398E81}
	EndGlobalSection
EndGlobal
